
Microsoft Visual Studio Solution File, Format Version 12.00
# Visual Studio 2013
VisualStudioVersion = 12.0.20827.3
MinimumVisualStudioVersion = 10.0.40219.1
Project("{FAE04EC0-301F-11D3-BF4B-00C04F79EFBC}") = "MicrosoftStore_TestingDay", "MicrosoftStore_TestingDay\MicrosoftStore_TestingDay.csproj", "{B2AD5211-EBCD-4FB9-AC49-2D850DA341F9}"
EndProject
Project("{2150E333-8FDC-42A3-9474-1A3956D46DE8}") = "Solution Items", "Solution Items", "{51C1AAD5-30F0-4732-9595-68E398BC4524}"
	ProjectSection(SolutionItems) = preProject
		Local.testsettings = Local.testsettings
	EndProjectSection
EndProject
Global
	GlobalSection(SolutionConfigurationPlatforms) = preSolution
		Debug|Any CPU = Debug|Any CPU
		Release|Any CPU = Release|Any CPU
	EndGlobalSection
	GlobalSection(ProjectConfigurationPlatforms) = postSolution
		{B2AD5211-EBCD-4FB9-AC49-2D850DA341F9}.Debug|Any CPU.ActiveCfg = Debug|Any CPU
		{B2AD5211-EBCD-4FB9-AC49-2D850DA341F9}.Debug|Any CPU.Build.0 = Debug|Any CPU
		{B2AD5211-EBCD-4FB9-AC49-2D850DA341F9}.Release|Any CPU.ActiveCfg = Release|Any CPU
		{B2AD5211-EBCD-4FB9-AC49-2D850DA341F9}.Release|Any CPU.Build.0 = Release|Any CPU
	EndGlobalSection
	GlobalSection(SolutionProperties) = preSolution
		HideSolutionNode = FALSE
	EndGlobalSection
EndGlobal
